// !$*UTF8*$!
{
	archiveVersion = 1;
	classes = {
	};
	objectVersion = 55;
	objects = {

/* Begin PBXBuildFile section */
		AC77128928A4264A00593630 /* Extention+UILabel.swift in Sources */ = {isa = PBXBuildFile; fileRef = AC77128828A4264A00593630 /* Extention+UILabel.swift */; };
		ACBA340728A3E403009A81F6 /* AppDelegate.swift in Sources */ = {isa = PBXBuildFile; fileRef = ACBA340628A3E403009A81F6 /* AppDelegate.swift */; };
		ACBA340B28A3E403009A81F6 /* ViewController.swift in Sources */ = {isa = PBXBuildFile; fileRef = ACBA340A28A3E403009A81F6 /* ViewController.swift */; };
		ACBA341028A3E408009A81F6 /* Assets.xcassets in Resources */ = {isa = PBXBuildFile; fileRef = ACBA340F28A3E408009A81F6 /* Assets.xcassets */; };
		ACBA341328A3E408009A81F6 /* LaunchScreen.storyboard in Resources */ = {isa = PBXBuildFile; fileRef = ACBA341128A3E408009A81F6 /* LaunchScreen.storyboard */; };
		ACBA341E28A3ED95009A81F6 /* TableViewController.swift in Sources */ = {isa = PBXBuildFile; fileRef = ACBA341D28A3ED95009A81F6 /* TableViewController.swift */; };
		ACBA342028A40BDE009A81F6 /* TableViewCell.swift in Sources */ = {isa = PBXBuildFile; fileRef = ACBA341F28A40BDE009A81F6 /* TableViewCell.swift */; };
/* End PBXBuildFile section */

/* Begin PBXFileReference section */
		AC77128828A4264A00593630 /* Extention+UILabel.swift */ = {isa = PBXFileReference; lastKnownFileType = sourcecode.swift; path = "Extention+UILabel.swift"; sourceTree = "<group>"; };
		ACBA340328A3E403009A81F6 /* Death Note.app */ = {isa = PBXFileReference; explicitFileType = wrapper.application; includeInIndex = 0; path = "Death Note.app"; sourceTree = BUILT_PRODUCTS_DIR; };
		ACBA340628A3E403009A81F6 /* AppDelegate.swift */ = {isa = PBXFileReference; lastKnownFileType = sourcecode.swift; path = AppDelegate.swift; sourceTree = "<group>"; };
		ACBA340A28A3E403009A81F6 /* ViewController.swift */ = {isa = PBXFileReference; lastKnownFileType = sourcecode.swift; path = ViewController.swift; sourceTree = "<group>"; };
		ACBA340F28A3E408009A81F6 /* Assets.xcassets */ = {isa = PBXFileReference; lastKnownFileType = folder.assetcatalog; path = Assets.xcassets; sourceTree = "<group>"; };
		ACBA341228A3E408009A81F6 /* Base */ = {isa = PBXFileReference; lastKnownFileType = file.storyboard; name = Base; path = Base.lproj/LaunchScreen.storyboard; sourceTree = "<group>"; };
		ACBA341428A3E408009A81F6 /* Info.plist */ = {isa = PBXFileReference; lastKnownFileType = text.plist.xml; path = Info.plist; sourceTree = "<group>"; };
		ACBA341D28A3ED95009A81F6 /* TableViewController.swift */ = {isa = PBXFileReference; lastKnownFileType = sourcecode.swift; path = TableViewController.swift; sourceTree = "<group>"; };
		ACBA341F28A40BDE009A81F6 /* TableViewCell.swift */ = {isa = PBXFileReference; lastKnownFileType = sourcecode.swift; path = TableViewCell.swift; sourceTree = "<group>"; };
/* End PBXFileReference section */

/* Begin PBXFrameworksBuildPhase section */
		ACBA340028A3E403009A81F6 /* Frameworks */ = {
			isa = PBXFrameworksBuildPhase;
			buildActionMask = 2147483647;
			files = (
			);
			runOnlyForDeploymentPostprocessing = 0;
		};
/* End PBXFrameworksBuildPhase section */

/* Begin PBXGroup section */
		ACBA33FA28A3E403009A81F6 = {
			isa = PBXGroup;
			children = (
				ACBA340528A3E403009A81F6 /* Death Note */,
				ACBA340428A3E403009A81F6 /* Products */,
			);
			sourceTree = "<group>";
		};
		ACBA340428A3E403009A81F6 /* Products */ = {
			isa = PBXGroup;
			children = (
				ACBA340328A3E403009A81F6 /* Death Note.app */,
			);
			name = Products;
			sourceTree = "<group>";
		};
		ACBA340528A3E403009A81F6 /* Death Note */ = {
			isa = PBXGroup;
			children = (
				ACBA341B28A3E7B3009A81F6 /* Application */,
				ACBA341C28A3E7D9009A81F6 /* Controllers */,
				ACBA341A28A3E79A009A81F6 /* Resources */,
				ACBA341F28A40BDE009A81F6 /* TableViewCell.swift */,
				AC77128828A4264A00593630 /* Extention+UILabel.swift */,
			);
			path = "Death Note";
			sourceTree = "<group>";
		};
		ACBA341A28A3E79A009A81F6 /* Resources */ = {
			isa = PBXGroup;
			children = (
				ACBA341128A3E408009A81F6 /* LaunchScreen.storyboard */,
				ACBA341428A3E408009A81F6 /* Info.plist */,
				ACBA340F28A3E408009A81F6 /* Assets.xcassets */,
			);
			path = Resources;
			sourceTree = "<group>";
		};
		ACBA341B28A3E7B3009A81F6 /* Application */ = {
			isa = PBXGroup;
			children = (
				ACBA340628A3E403009A81F6 /* AppDelegate.swift */,
			);
			path = Application;
			sourceTree = "<group>";
		};
		ACBA341C28A3E7D9009A81F6 /* Controllers */ = {
			isa = PBXGroup;
			children = (
				ACBA340A28A3E403009A81F6 /* ViewController.swift */,
				ACBA341D28A3ED95009A81F6 /* TableViewController.swift */,
			);
			path = Controllers;
			sourceTree = "<group>";
		};
/* End PBXGroup section */

/* Begin PBXNativeTarget section */
		ACBA340228A3E403009A81F6 /* Death Note */ = {
			isa = PBXNativeTarget;
			buildConfigurationList = ACBA341728A3E409009A81F6 /* Build configuration list for PBXNativeTarget "Death Note" */;
			buildPhases = (
				ACBA33FF28A3E403009A81F6 /* Sources */,
				ACBA340028A3E403009A81F6 /* Frameworks */,
				ACBA340128A3E403009A81F6 /* Resources */,
			);
			buildRules = (
			);
			dependencies = (
			);
			name = "Death Note";
			productName = "Death Note";
			productReference = ACBA340328A3E403009A81F6 /* Death Note.app */;
			productType = "com.apple.product-type.application";
		};
/* End PBXNativeTarget section */

/* Begin PBXProject section */
		ACBA33FB28A3E403009A81F6 /* Project object */ = {
			isa = PBXProject;
			attributes = {
				BuildIndependentTargetsInParallel = 1;
				LastSwiftUpdateCheck = 1340;
				LastUpgradeCheck = 1340;
				TargetAttributes = {
					ACBA340228A3E403009A81F6 = {
						CreatedOnToolsVersion = 13.4.1;
					};
				};
			};
			buildConfigurationList = ACBA33FE28A3E403009A81F6 /* Build configuration list for PBXProject "Death Note" */;
			compatibilityVersion = "Xcode 13.0";
			developmentRegion = en;
			hasScannedForEncodings = 0;
			knownRegions = (
				en,
				Base,
			);
			mainGroup = ACBA33FA28A3E403009A81F6;
			productRefGroup = ACBA340428A3E403009A81F6 /* Products */;
			projectDirPath = "";
			projectRoot = "";
			targets = (
				ACBA340228A3E403009A81F6 /* Death Note */,
			);
		};
/* End PBXProject section */

/* Begin PBXResourcesBuildPhase section */
		ACBA340128A3E403009A81F6 /* Resources */ = {
			isa = PBXResourcesBuildPhase;
			buildActionMask = 2147483647;
			files = (
				ACBA341328A3E408009A81F6 /* LaunchScreen.storyboard in Resources */,
				ACBA341028A3E408009A81F6 /* Assets.xcassets in Resources */,
			);
			runOnlyForDeploymentPostprocessing = 0;
		};
/* End PBXResourcesBuildPhase section */

/* Begin PBXSourcesBuildPhase section */
		ACBA33FF28A3E403009A81F6 /* Sources */ = {
			isa = PBXSourcesBuildPhase;
			buildActionMask = 2147483647;
			files = (
				ACBA340B28A3E403009A81F6 /* ViewController.swift in Sources */,
				AC77128928A4264A00593630 /* Extention+UILabel.swift in Sources */,
				ACBA342028A40BDE009A81F6 /* TableViewCell.swift in Sources */,
				ACBA341E28A3ED95009A81F6 /* TableViewController.swift in Sources */,
				ACBA340728A3E403009A81F6 /* AppDelegate.swift in Sources */,
			);
			runOnlyForDeploymentPostprocessing = 0;
		};
/* End PBXSourcesBuildPhase section */

/* Begin PBXVariantGroup section */
		ACBA341128A3E408009A81F6 /* LaunchScreen.storyboard */ = {
			isa = PBXVariantGroup;
			children = (
				ACBA341228A3E408009A81F6 /* Base */,
			);
			name = LaunchScreen.storyboard;
			sourceTree = "<group>";
		};
/* End PBXVariantGroup section */

/* Begin XCBuildConfiguration section */
		ACBA341528A3E408009A81F6 /* Debug */ = {
			isa = XCBuildConfiguration;
			buildSettings = {
				ALWAYS_SEARCH_USER_PATHS = NO;
				CLANG_ANALYZER_NONNULL = YES;
				CLANG_ANALYZER_NUMBER_OBJECT_CONVERSION = YES_AGGRESSIVE;
				CLANG_CXX_LANGUAGE_STANDARD = "gnu++17";
				CLANG_ENABLE_MODULES = YES;
				CLANG_ENABLE_OBJC_ARC = YES;
				CLANG_ENABLE_OBJC_WEAK = YES;
				CLANG_WARN_BLOCK_CAPTURE_AUTORELEASING = YES;
				CLANG_WARN_BOOL_CONVERSION = YES;
				CLANG_WARN_COMMA = YES;
				CLANG_WARN_CONSTANT_CONVERSION = YES;
				CLANG_WARN_DEPRECATED_OBJC_IMPLEMENTATIONS = YES;
				CLANG_WARN_DIRECT_OBJC_ISA_USAGE = YES_ERROR;
				CLANG_WARN_DOCUMENTATION_COMMENTS = YES;
				CLANG_WARN_EMPTY_BODY = YES;
				CLANG_WARN_ENUM_CONVERSION = YES;
				CLANG_WARN_INFINITE_RECURSION = YES;
				CLANG_WARN_INT_CONVERSION = YES;
				CLANG_WARN_NON_LITERAL_NULL_CONVERSION = YES;
				CLANG_WARN_OBJC_IMPLICIT_RETAIN_SELF = YES;
				CLANG_WARN_OBJC_LITERAL_CONVERSION = YES;
				CLANG_WARN_OBJC_ROOT_CLASS = YES_ERROR;
				CLANG_WARN_QUOTED_INCLUDE_IN_FRAMEWORK_HEADER = YES;
				CLANG_WARN_RANGE_LOOP_ANALYSIS = YES;
				CLANG_WARN_STRICT_PROTOTYPES = YES;
				CLANG_WARN_SUSPICIOUS_MOVE = YES;
				CLANG_WARN_UNGUARDED_AVAILABILITY = YES_AGGRESSIVE;
				CLANG_WARN_UNREACHABLE_CODE = YES;
				CLANG_WARN__DUPLICATE_METHOD_MATCH = YES;
				COPY_PHASE_STRIP = NO;
				DEBUG_INFORMATION_FORMAT = dwarf;
				ENABLE_STRICT_OBJC_MSGSEND = YES;
				ENABLE_TESTABILITY = YES;
				GCC_C_LANGUAGE_STANDARD = gnu11;
				GCC_DYNAMIC_NO_PIC = NO;
				GCC_NO_COMMON_BLOCKS = YES;
				GCC_OPTIMIZATION_LEVEL = 0;
				GCC_PREPROCESSOR_DEFINITIONS = (
					"DEBUG=1",
					"$(inherited)",
				);
				GCC_WARN_64_TO_32_BIT_CONVERSION = YES;
				GCC_WARN_ABOUT_RETURN_TYPE = YES_ERROR;
				GCC_WARN_UNDECLARED_SELECTOR = YES;
				GCC_WARN_UNINITIALIZED_AUTOS = YES_AGGRESSIVE;
				GCC_WARN_UNUSED_FUNCTION = YES;
				GCC_WARN_UNUSED_VARIABLE = YES;
				IPHONEOS_DEPLOYMENT_TARGET = 15.5;
				MTL_ENABLE_DEBUG_INFO = INCLUDE_SOURCE;
				MTL_FAST_MATH = YES;
				ONLY_ACTIVE_ARCH = YES;
				SDKROOT = iphoneos;
				SWIFT_ACTIVE_COMPILATION_CONDITIONS = DEBUG;
				SWIFT_OPTIMIZATION_LEVEL = "-Onone";
			};
			name = Debug;
		};
		ACBA341628A3E408009A81F6 /* Release */ = {
			isa = XCBuildConfiguration;
			buildSettings = {
				ALWAYS_SEARCH_USER_PATHS = NO;
				CLANG_ANALYZER_NONNULL = YES;
				CLANG_ANALYZER_NUMBER_OBJECT_CONVERSION = YES_AGGRESSIVE;
				CLANG_CXX_LANGUAGE_STANDARD = "gnu++17";
				CLANG_ENABLE_MODULES = YES;
				CLANG_ENABLE_OBJC_ARC = YES;
				CLANG_ENABLE_OBJC_WEAK = YES;
				CLANG_WARN_BLOCK_CAPTURE_AUTORELEASING = YES;
				CLANG_WARN_BOOL_CONVERSION = YES;
				CLANG_WARN_COMMA = YES;
				CLANG_WARN_CONSTANT_CONVERSION = YES;
				CLANG_WARN_DEPRECATED_OBJC_IMPLEMENTATIONS = YES;
				CLANG_WARN_DIRECT_OBJC_ISA_USAGE = YES_ERROR;
				CLANG_WARN_DOCUMENTATION_COMMENTS = YES;
				CLANG_WARN_EMPTY_BODY = YES;
				CLANG_WARN_ENUM_CONVERSION = YES;
				CLANG_WARN_INFINITE_RECURSION = YES;
				CLANG_WARN_INT_CONVERSION = YES;
				CLANG_WARN_NON_LITERAL_NULL_CONVERSION = YES;
				CLANG_WARN_OBJC_IMPLICIT_RETAIN_SELF = YES;
				CLANG_WARN_OBJC_LITERAL_CONVERSION = YES;
				CLANG_WARN_OBJC_ROOT_CLASS = YES_ERROR;
				CLANG_WARN_QUOTED_INCLUDE_IN_FRAMEWORK_HEADER = YES;
				CLANG_WARN_RANGE_LOOP_ANALYSIS = YES;
				CLANG_WARN_STRICT_PROTOTYPES = YES;
				CLANG_WARN_SUSPICIOUS_MOVE = YES;
				CLANG_WARN_UNGUARDED_AVAILABILITY = YES_AGGRESSIVE;
				CLANG_WARN_UNREACHABLE_CODE = YES;
				CLANG_WARN__DUPLICATE_METHOD_MATCH = YES;
				COPY_PHASE_STRIP = NO;
				DEBUG_INFORMATION_FORMAT = "dwarf-with-dsym";
				ENABLE_NS_ASSERTIONS = NO;
				ENABLE_STRICT_OBJC_MSGSEND = YES;
				GCC_C_LANGUAGE_STANDARD = gnu11;
				GCC_NO_COMMON_BLOCKS = YES;
				GCC_WARN_64_TO_32_BIT_CONVERSION = YES;
				GCC_WARN_ABOUT_RETURN_TYPE = YES_ERROR;
				GCC_WARN_UNDECLARED_SELECTOR = YES;
				GCC_WARN_UNINITIALIZED_AUTOS = YES_AGGRESSIVE;
				GCC_WARN_UNUSED_FUNCTION = YES;
				GCC_WARN_UNUSED_VARIABLE = YES;
				IPHONEOS_DEPLOYMENT_TARGET = 15.5;
				MTL_ENABLE_DEBUG_INFO = NO;
				MTL_FAST_MATH = YES;
				SDKROOT = iphoneos;
				SWIFT_COMPILATION_MODE = wholemodule;
				SWIFT_OPTIMIZATION_LEVEL = "-O";
				VALIDATE_PRODUCT = YES;
			};
			name = Release;
		};
		ACBA341828A3E409009A81F6 /* Debug */ = {
			isa = XCBuildConfiguration;
			buildSettings = {
				ASSETCATALOG_COMPILER_APPICON_NAME = AppIcon;
				ASSETCATALOG_COMPILER_GLOBAL_ACCENT_COLOR_NAME = AccentColor;
				CODE_SIGN_STYLE = Automatic;
				CURRENT_PROJECT_VERSION = 1;
				DEVELOPMENT_TEAM = VTP9H54JX3;
				GENERATE_INFOPLIST_FILE = YES;
				INFOPLIST_FILE = "Death Note/Resources/Info.plist";
				INFOPLIST_KEY_UIApplicationSupportsIndirectInputEvents = YES;
				INFOPLIST_KEY_UILaunchStoryboardName = LaunchScreen;
				INFOPLIST_KEY_UISupportedInterfaceOrientations_iPad = "UIInterfaceOrientationPortrait UIInterfaceOrientationPortraitUpsideDown UIInterfaceOrientationLandscapeLeft UIInterfaceOrientationLandscapeRight";
				INFOPLIST_KEY_UISupportedInterfaceOrientations_iPhone = "UIInterfaceOrientationPortrait UIInterfaceOrientationLandscapeLeft UIInterfaceOrientationLandscapeRight";
				LD_RUNPATH_SEARCH_PATHS = (
					"$(inherited)",
					"@executable_path/Frameworks",
				);
				MARKETING_VERSION = 1.0;
				PRODUCT_BUNDLE_IDENTIFIER = "me.avsrb.Death-Note";
				PRODUCT_NAME = "$(TARGET_NAME)";
				SWIFT_EMIT_LOC_STRINGS = YES;
				SWIFT_VERSION = 5.0;
				TARGETED_DEVICE_FAMILY = "1,2";
			};
			name = Debug;
		};
		ACBA341928A3E409009A81F6 /* Release */ = {
			isa = XCBuildConfiguration;
			buildSettings = {
				ASSETCATALOG_COMPILER_APPICON_NAME = AppIcon;
				ASSETCATALOG_COMPILER_GLOBAL_ACCENT_COLOR_NAME = AccentColor;
				CODE_SIGN_STYLE = Automatic;
				CURRENT_PROJECT_VERSION = 1;
				DEVELOPMENT_TEAM = VTP9H54JX3;
				GENERATE_INFOPLIST_FILE = YES;
				INFOPLIST_FILE = "Death Note/Resources/Info.plist";
				INFOPLIST_KEY_UIApplicationSupportsIndirectInputEvents = YES;
				INFOPLIST_KEY_UILaunchStoryboardName = LaunchScreen;
				INFOPLIST_KEY_UISupportedInterfaceOrientations_iPad = "UIInterfaceOrientationPortrait UIInterfaceOrientationPortraitUpsideDown UIInterfaceOrientationLandscapeLeft UIInterfaceOrientationLandscapeRight";
				INFOPLIST_KEY_UISupportedInterfaceOrientations_iPhone = "UIInterfaceOrientationPortrait UIInterfaceOrientationLandscapeLeft UIInterfaceOrientationLandscapeRight";
				LD_RUNPATH_SEARCH_PATHS = (
					"$(inherited)",
					"@executable_path/Frameworks",
				);
				MARKETING_VERSION = 1.0;
				PRODUCT_BUNDLE_IDENTIFIER = "me.avsrb.Death-Note";
				PRODUCT_NAME = "$(TARGET_NAME)";
				SWIFT_EMIT_LOC_STRINGS = YES;
				SWIFT_VERSION = 5.0;
				TARGETED_DEVICE_FAMILY = "1,2";
			};
			name = Release;
		};
/* End XCBuildConfiguration section */

/* Begin XCConfigurationList section */
		ACBA33FE28A3E403009A81F6 /* Build configuration list for PBXProject "Death Note" */ = {
			isa = XCConfigurationList;
			buildConfigurations = (
				ACBA341528A3E408009A81F6 /* Debug */,
				ACBA341628A3E408009A81F6 /* Release */,
			);
			defaultConfigurationIsVisible = 0;
			defaultConfigurationName = Release;
		};
		ACBA341728A3E409009A81F6 /* Build configuration list for PBXNativeTarget "Death Note" */ = {
			isa = XCConfigurationList;
			buildConfigurations = (
				ACBA341828A3E409009A81F6 /* Debug */,
				ACBA341928A3E409009A81F6 /* Release */,
			);
			defaultConfigurationIsVisible = 0;
			defaultConfigurationName = Release;
		};
/* End XCConfigurationList section */
	};
	rootObject = ACBA33FB28A3E403009A81F6 /* Project object */;
}
